# This file is automatically @generated by Poetry 1.8.4 and should not be changed by hand.

[[package]]
name = "pathlib"
version = "1.0.1"
description = "Object-oriented filesystem paths"
optional = false
python-versions = "*"
files = [
    {file = "pathlib-1.0.1-py3-none-any.whl", hash = "sha256:f35f95ab8b0f59e6d354090350b44a80a80635d22efdedfa84c7ad1cf0a74147"},
    {file = "pathlib-1.0.1.tar.gz", hash = "sha256:6940718dfc3eff4258203ad5021090933e5c04707d5ca8cc9e73c94a7894ea9f"},
]

[metadata]
lock-version = "2.0"
python-versions = "^3.11"
content-hash = "0a5b59d94963a2002ffde82dd3643686f455c12739ec6ff16ce8e45eb5a747c4"
